
Microsoft Visual Studio Solution File, Format Version 12.00
# Visual Studio 2012
Project("{FAE04EC0-301F-11D3-BF4B-00C04F79EFBC}") = "StackLayoutExample", "StackLayoutExample\StackLayoutExample.csproj", "{1100C069-D474-4010-A566-20A8997172CB}"
EndProject
Project("{FAE04EC0-301F-11D3-BF4B-00C04F79EFBC}") = "StackLayoutExample.iOS", "iOS\StackLayoutExample.iOS.csproj", "{06028C35-74C4-439D-9032-3C4C9187D474}"
EndProject
Project("{FAE04EC0-301F-11D3-BF4B-00C04F79EFBC}") = "StackLayoutExample.Droid", "Droid\StackLayoutExample.Droid.csproj", "{2D526102-0E24-4E96-9148-9208AEF75800}"
EndProject
Global
	GlobalSection(SolutionConfigurationPlatforms) = preSolution
		Debug|Any CPU = Debug|Any CPU
		Release|Any CPU = Release|Any CPU
		Debug|iPhoneSimulator = Debug|iPhoneSimulator
		Release|iPhone = Release|iPhone
		Release|iPhoneSimulator = Release|iPhoneSimulator
		Debug|iPhone = Debug|iPhone
	EndGlobalSection
	GlobalSection(ProjectConfigurationPlatforms) = postSolution
		{1100C069-D474-4010-A566-20A8997172CB}.Debug|Any CPU.ActiveCfg = Debug|Any CPU
		{1100C069-D474-4010-A566-20A8997172CB}.Debug|Any CPU.Build.0 = Debug|Any CPU
		{1100C069-D474-4010-A566-20A8997172CB}.Release|Any CPU.ActiveCfg = Release|Any CPU
		{1100C069-D474-4010-A566-20A8997172CB}.Release|Any CPU.Build.0 = Release|Any CPU
		{1100C069-D474-4010-A566-20A8997172CB}.Debug|iPhoneSimulator.ActiveCfg = Debug|Any CPU
		{1100C069-D474-4010-A566-20A8997172CB}.Debug|iPhoneSimulator.Build.0 = Debug|Any CPU
		{1100C069-D474-4010-A566-20A8997172CB}.Release|iPhone.ActiveCfg = Release|Any CPU
		{1100C069-D474-4010-A566-20A8997172CB}.Release|iPhone.Build.0 = Release|Any CPU
		{1100C069-D474-4010-A566-20A8997172CB}.Release|iPhoneSimulator.ActiveCfg = Release|Any CPU
		{1100C069-D474-4010-A566-20A8997172CB}.Release|iPhoneSimulator.Build.0 = Release|Any CPU
		{1100C069-D474-4010-A566-20A8997172CB}.Debug|iPhone.ActiveCfg = Debug|Any CPU
		{1100C069-D474-4010-A566-20A8997172CB}.Debug|iPhone.Build.0 = Debug|Any CPU
		{06028C35-74C4-439D-9032-3C4C9187D474}.Debug|Any CPU.ActiveCfg = Debug|iPhoneSimulator
		{06028C35-74C4-439D-9032-3C4C9187D474}.Debug|Any CPU.Build.0 = Debug|iPhoneSimulator
		{06028C35-74C4-439D-9032-3C4C9187D474}.Release|Any CPU.ActiveCfg = Release|iPhone
		{06028C35-74C4-439D-9032-3C4C9187D474}.Release|Any CPU.Build.0 = Release|iPhone
		{06028C35-74C4-439D-9032-3C4C9187D474}.Debug|iPhoneSimulator.ActiveCfg = Debug|iPhoneSimulator
		{06028C35-74C4-439D-9032-3C4C9187D474}.Debug|iPhoneSimulator.Build.0 = Debug|iPhoneSimulator
		{06028C35-74C4-439D-9032-3C4C9187D474}.Release|iPhone.ActiveCfg = Release|iPhone
		{06028C35-74C4-439D-9032-3C4C9187D474}.Release|iPhone.Build.0 = Release|iPhone
		{06028C35-74C4-439D-9032-3C4C9187D474}.Release|iPhoneSimulator.ActiveCfg = Release|iPhoneSimulator
		{06028C35-74C4-439D-9032-3C4C9187D474}.Release|iPhoneSimulator.Build.0 = Release|iPhoneSimulator
		{06028C35-74C4-439D-9032-3C4C9187D474}.Debug|iPhone.ActiveCfg = Debug|iPhone
		{06028C35-74C4-439D-9032-3C4C9187D474}.Debug|iPhone.Build.0 = Debug|iPhone
		{2D526102-0E24-4E96-9148-9208AEF75800}.Debug|Any CPU.ActiveCfg = Debug|Any CPU
		{2D526102-0E24-4E96-9148-9208AEF75800}.Debug|Any CPU.Build.0 = Debug|Any CPU
		{2D526102-0E24-4E96-9148-9208AEF75800}.Release|Any CPU.ActiveCfg = Release|Any CPU
		{2D526102-0E24-4E96-9148-9208AEF75800}.Release|Any CPU.Build.0 = Release|Any CPU
		{2D526102-0E24-4E96-9148-9208AEF75800}.Debug|iPhoneSimulator.ActiveCfg = Debug|Any CPU
		{2D526102-0E24-4E96-9148-9208AEF75800}.Debug|iPhoneSimulator.Build.0 = Debug|Any CPU
		{2D526102-0E24-4E96-9148-9208AEF75800}.Release|iPhone.ActiveCfg = Release|Any CPU
		{2D526102-0E24-4E96-9148-9208AEF75800}.Release|iPhone.Build.0 = Release|Any CPU
		{2D526102-0E24-4E96-9148-9208AEF75800}.Release|iPhoneSimulator.ActiveCfg = Release|Any CPU
		{2D526102-0E24-4E96-9148-9208AEF75800}.Release|iPhoneSimulator.Build.0 = Release|Any CPU
		{2D526102-0E24-4E96-9148-9208AEF75800}.Debug|iPhone.ActiveCfg = Debug|Any CPU
		{2D526102-0E24-4E96-9148-9208AEF75800}.Debug|iPhone.Build.0 = Debug|Any CPU
	EndGlobalSection
EndGlobal
